<?xml version="1.0" encoding="utf-8"?>
<Project ToolsVersion="4.0" xmlns="http://schemas.microsoft.com/developer/msbuild/2003">
  <ItemGroup>
    <Filter Include="Source Files">
      <UniqueIdentifier>{4FC737F1-C7A5-4376-A066-2A32D752A2FF}</UniqueIdentifier>
      <Extensions>cpp;c;cc;cxx;def;odl;idl;hpj;bat;asm;asmx</Extensions>
    </Filter>
    <Filter Include="Header Files">
      <UniqueIdentifier>{93995380-89BD-4b04-88EB-625FBE52EBFB}</UniqueIdentifier>
      <Extensions>h;hh;hpp;hxx;hm;inl;inc;xsd</Extensions>
    </Filter>
    <Filter Include="Resource Files">
      <UniqueIdentifier>{67DA6AB6-F800-4c08-8B7A-83BB121AAD01}</UniqueIdentifier>
      <Extensions>rc;ico;cur;bmp;dlg;rc2;rct;bin;rgs;gif;jpg;jpeg;jpe;resx;tiff;tif;png;wav;mfcribbon-ms</Extensions>
    </Filter>
  </ItemGroup>
  <ItemGroup>
    <Text Include="ReadMe.txt" />
  </ItemGroup>
  <ItemGroup>
    <ClInclude Include="stdafx.h">
      <Filter>Header Files</Filter>
    </ClInclude>
    <ClInclude Include="targetver.h">
      <Filter>Header Files</Filter>
    </ClInclude>
    <ClInclude Include="Animal.h">
      <Filter>Header Files</Filter>
    </ClInclude>
    <ClInclude Include="Mammal.h">
      <Filter>Header Files</Filter>
    </ClInclude>
    <ClInclude Include="Reptile.h">
      <Filter>Header Files</Filter>
    </ClInclude>
    <ClInclude Include="Snake.h">
      <Filter>Header Files</Filter>
    </ClInclude>
    <ClInclude Include="Lion.h">
      <Filter>Header Files</Filter>
    </ClInclude>
    <ClInclude Include="Tiger.h">
      <Filter>Header Files</Filter>
    </ClInclude>
    <ClInclude Include="Bird.h">
      <Filter>Header Files</Filter>
    </ClInclude>
    <ClInclude Include="Archeopteryx.h">
      <Filter>Header Files</Filter>
    </ClInclude>
    <ClInclude Include="Fish.h">
      <Filter>Header Files</Filter>
    </ClInclude>
    <ClInclude Include="Amphibians.h">
      <Filter>Header Files</Filter>
    </ClInclude>
    <ClInclude Include="Platypus.h">
      <Filter>Header Files</Filter>
    </ClInclude>
    <ClInclude Include="Dog.h">
      <Filter>Header Files</Filter>
    </ClInclude>
    <ClInclude Include="Wolf.h">
      <Filter>Header Files</Filter>
    </ClInclude>
    <ClInclude Include="Fox.h">
      <Filter>Header Files</Filter>
    </ClInclude>
    <ClInclude Include="Shark.h">
      <Filter>Header Files</Filter>
    </ClInclude>
    <ClInclude Include="Frog.h">
      <Filter>Header Files</Filter>
    </ClInclude>
    <ClInclude Include="Ape.h">
      <Filter>Header Files</Filter>
    </ClInclude>
    <ClInclude Include="Orangutan.h">
      <Filter>Header Files</Filter>
    </ClInclude>
    <ClInclude Include="Gorilla.h">
      <Filter>Header Files</Filter>
    </ClInclude>
    <ClInclude Include="Human.h">
      <Filter>Header Files</Filter>
    </ClInclude>
    <ClInclude Include="Cat.h">
      <Filter>Header Files</Filter>
    </ClInclude>
  </ItemGroup>
  <ItemGroup>
    <ClCompile Include="stdafx.cpp">
      <Filter>Source Files</Filter>
    </ClCompile>
    <ClCompile Include="ZMPOZD2.cpp">
      <Filter>Source Files</Filter>
    </ClCompile>
    <ClCompile Include="Animal.cpp">
      <Filter>Source Files</Filter>
    </ClCompile>
    <ClCompile Include="Mammal.cpp">
      <Filter>Source Files</Filter>
    </ClCompile>
    <ClCompile Include="Reptile.cpp">
      <Filter>Source Files</Filter>
    </ClCompile>
    <ClCompile Include="Snake.cpp">
      <Filter>Source Files</Filter>
    </ClCompile>
    <ClCompile Include="Lion.cpp">
      <Filter>Source Files</Filter>
    </ClCompile>
    <ClCompile Include="Tiger.cpp">
      <Filter>Source Files</Filter>
    </ClCompile>
    <ClCompile Include="Bird.cpp">
      <Filter>Source Files</Filter>
    </ClCompile>
    <ClCompile Include="Archeopteryx.cpp">
      <Filter>Source Files</Filter>
    </ClCompile>
    <ClCompile Include="Fish.cpp">
      <Filter>Source Files</Filter>
    </ClCompile>
    <ClCompile Include="Amphibians.cpp">
      <Filter>Source Files</Filter>
    </ClCompile>
    <ClCompile Include="Platypus.cpp">
      <Filter>Source Files</Filter>
    </ClCompile>
    <ClCompile Include="Cat.cpp">
      <Filter>Source Files</Filter>
    </ClCompile>
    <ClCompile Include="Dog.cpp">
      <Filter>Source Files</Filter>
    </ClCompile>
    <ClCompile Include="Wolf.cpp">
      <Filter>Source Files</Filter>
    </ClCompile>
    <ClCompile Include="Fox.cpp">
      <Filter>Source Files</Filter>
    </ClCompile>
    <ClCompile Include="Shark.cpp">
      <Filter>Source Files</Filter>
    </ClCompile>
    <ClCompile Include="Frog.cpp">
      <Filter>Source Files</Filter>
    </ClCompile>
    <ClCompile Include="Ape.cpp">
      <Filter>Source Files</Filter>
    </ClCompile>
    <ClCompile Include="Orangutan.cpp">
      <Filter>Source Files</Filter>
    </ClCompile>
    <ClCompile Include="Gorilla.cpp">
      <Filter>Source Files</Filter>
    </ClCompile>
    <ClCompile Include="Human.cpp">
      <Filter>Source Files</Filter>
    </ClCompile>
  </ItemGroup>
</Project>